
Microsoft Visual Studio Solution File, Format Version 12.00
# Visual Studio Version 17
VisualStudioVersion = 17.10.34928.147
MinimumVisualStudioVersion = 10.0.40219.1
Project("{FAE04EC0-301F-11D3-BF4B-00C04F79EFBC}") = "QueryQuiver", "src\QueryQuiver\QueryQuiver.csproj", "{C4A5B0B4-A1B9-4720-B61A-320F6A639D9E}"
EndProject
Project("{FAE04EC0-301F-11D3-BF4B-00C04F79EFBC}") = "QueryQuiver.Tests", "tests\QueryQuiver.Tests\QueryQuiver.Tests.csproj", "{D9B3449A-F19E-4FF7-B0F1-612BE004CD54}"
EndProject
Global
	GlobalSection(SolutionConfigurationPlatforms) = preSolution
		Debug|Any CPU = Debug|Any CPU
		Release|Any CPU = Release|Any CPU
	EndGlobalSection
	GlobalSection(ProjectConfigurationPlatforms) = postSolution
		{C4A5B0B4-A1B9-4720-B61A-320F6A639D9E}.Debug|Any CPU.ActiveCfg = Debug|Any CPU
		{C4A5B0B4-A1B9-4720-B61A-320F6A639D9E}.Debug|Any CPU.Build.0 = Debug|Any CPU
		{C4A5B0B4-A1B9-4720-B61A-320F6A639D9E}.Release|Any CPU.ActiveCfg = Release|Any CPU
		{C4A5B0B4-A1B9-4720-B61A-320F6A639D9E}.Release|Any CPU.Build.0 = Release|Any CPU
		{D9B3449A-F19E-4FF7-B0F1-612BE004CD54}.Debug|Any CPU.ActiveCfg = Debug|Any CPU
		{D9B3449A-F19E-4FF7-B0F1-612BE004CD54}.Debug|Any CPU.Build.0 = Debug|Any CPU
		{D9B3449A-F19E-4FF7-B0F1-612BE004CD54}.Release|Any CPU.ActiveCfg = Release|Any CPU
		{D9B3449A-F19E-4FF7-B0F1-612BE004CD54}.Release|Any CPU.Build.0 = Release|Any CPU
	EndGlobalSection
	GlobalSection(SolutionProperties) = preSolution
		HideSolutionNode = FALSE
	EndGlobalSection
	GlobalSection(ExtensibilityGlobals) = postSolution
		SolutionGuid = {E6FC828E-F00B-4C35-90DC-13CCE4745974}
	EndGlobalSection
EndGlobal
